
Microsoft Visual Studio Solution File, Format Version 12.00
# Visual Studio Version 17
VisualStudioVersion = 17.5.33530.505
MinimumVisualStudioVersion = 10.0.40219.1
Project("{9A19103F-16F7-4668-BE54-9A1E7A4F7556}") = "SeparadorDeRegistros", "SeparadorDeRegistros\SeparadorDeRegistros.csproj", "{D8C1F5DA-C054-4921-81E2-A6CEA2194A52}"
EndProject
Project("{2150E333-8FDC-42A3-9474-1A3956D46DE8}") = "Itens de Solução", "Itens de Solução", "{D424467A-C50C-46E1-A816-CA097DF5EC05}"
	ProjectSection(SolutionItems) = preProject
		.gitignore = .gitignore
	EndProjectSection
EndProject
Project("{54435603-DBB4-11D2-8724-00A0C9A8B90C}") = "Separador Arquivos Setup", "Separador Arquivos Setup\Separador Arquivos Setup.vdproj", "{14148F8B-D732-47BE-BFFC-EAA7CC9EC684}"
EndProject
Global
	GlobalSection(SolutionConfigurationPlatforms) = preSolution
		Debug|Any CPU = Debug|Any CPU
		Release|Any CPU = Release|Any CPU
	EndGlobalSection
	GlobalSection(ProjectConfigurationPlatforms) = postSolution
		{D8C1F5DA-C054-4921-81E2-A6CEA2194A52}.Debug|Any CPU.ActiveCfg = Debug|Any CPU
		{D8C1F5DA-C054-4921-81E2-A6CEA2194A52}.Debug|Any CPU.Build.0 = Debug|Any CPU
		{D8C1F5DA-C054-4921-81E2-A6CEA2194A52}.Release|Any CPU.ActiveCfg = Release|Any CPU
		{D8C1F5DA-C054-4921-81E2-A6CEA2194A52}.Release|Any CPU.Build.0 = Release|Any CPU
		{14148F8B-D732-47BE-BFFC-EAA7CC9EC684}.Debug|Any CPU.ActiveCfg = Debug
		{14148F8B-D732-47BE-BFFC-EAA7CC9EC684}.Release|Any CPU.ActiveCfg = Release
	EndGlobalSection
	GlobalSection(SolutionProperties) = preSolution
		HideSolutionNode = FALSE
	EndGlobalSection
	GlobalSection(ExtensibilityGlobals) = postSolution
		SolutionGuid = {E79F721C-1829-4C95-8936-398B47BE6338}
	EndGlobalSection
EndGlobal
